
Microsoft Visual Studio Solution File, Format Version 12.00
# Visual Studio Version 16
VisualStudioVersion = 16.0.31515.178
MinimumVisualStudioVersion = 10.0.40219.1
Project("{FAE04EC0-301F-11D3-BF4B-00C04F79EFBC}") = "Console_Test", "Console_Test\Console_Test.csproj", "{1D8974B8-8A56-4E1E-ACBC-8BFF9E3DBD19}"
EndProject
Global
	GlobalSection(SolutionConfigurationPlatforms) = preSolution
		Debug|Any CPU = Debug|Any CPU
		Release|Any CPU = Release|Any CPU
	EndGlobalSection
	GlobalSection(ProjectConfigurationPlatforms) = postSolution
		{1D8974B8-8A56-4E1E-ACBC-8BFF9E3DBD19}.Debug|Any CPU.ActiveCfg = Debug|Any CPU
		{1D8974B8-8A56-4E1E-ACBC-8BFF9E3DBD19}.Debug|Any CPU.Build.0 = Debug|Any CPU
		{1D8974B8-8A56-4E1E-ACBC-8BFF9E3DBD19}.Release|Any CPU.ActiveCfg = Release|Any CPU
		{1D8974B8-8A56-4E1E-ACBC-8BFF9E3DBD19}.Release|Any CPU.Build.0 = Release|Any CPU
	EndGlobalSection
	GlobalSection(SolutionProperties) = preSolution
		HideSolutionNode = FALSE
	EndGlobalSection
	GlobalSection(ExtensibilityGlobals) = postSolution
		SolutionGuid = {CE1D5D2B-B3E4-44FD-825F-DFE006EE6DB0}
	EndGlobalSection
EndGlobal
